
Microsoft Visual Studio Solution File, Format Version 12.00
# Visual Studio Version 16
VisualStudioVersion = 16.0.30011.22
MinimumVisualStudioVersion = 10.0.40219.1
Project("{A07B5EB6-E848-4116-A8D0-A826331D98C6}") = "CalculateEngineApp", "CalculateEngineApp\CalculateEngineApp.sfproj", "{C30109CF-DD4B-40A6-B9B0-44586A68592C}"
EndProject
Project("{FAE04EC0-301F-11D3-BF4B-00C04F79EFBC}") = "CECacheMicroservice", "CECacheMicroservice\CECacheMicroservice.csproj", "{E1259C03-A3B1-431D-ABA2-F69B2288758B}"
EndProject
Project("{FAE04EC0-301F-11D3-BF4B-00C04F79EFBC}") = "CECalculationMicroservice", "CECalculationMicroservice\CECalculationMicroservice.csproj", "{000E81DD-E0DF-427B-A2AC-FBCE54C304C6}"
EndProject
Project("{FAE04EC0-301F-11D3-BF4B-00C04F79EFBC}") = "CECommandMicroservice", "CECommandMicroservice\CECommandMicroservice.csproj", "{A5297C4E-EE06-430B-923A-38295BB450CC}"
EndProject
Project("{FAE04EC0-301F-11D3-BF4B-00C04F79EFBC}") = "CEPubSubMicroservice", "CEPubSubMicroservice\CEPubSubMicroservice.csproj", "{88D1C82A-7AB7-42A9-B5E5-450FE9DEE12E}"
EndProject
Project("{FAE04EC0-301F-11D3-BF4B-00C04F79EFBC}") = "CETransactionMicroservice", "CETransactionMicroservice\CETransactionMicroservice.csproj", "{040FBBDC-ED8F-4785-9BC3-1C63D4634F44}"
EndProject
Project("{FAE04EC0-301F-11D3-BF4B-00C04F79EFBC}") = "CEWeatherForecastMicroservice", "CEWeatherForecastMicroservice\CEWeatherForecastMicroservice.csproj", "{527592AE-2965-40BB-B789-C050B27DCD0A}"
EndProject
Project("{FAE04EC0-301F-11D3-BF4B-00C04F79EFBC}") = "CloudCommon", "CloudCommon\CloudCommon.csproj", "{7FE86AFE-D2D4-44DD-81F4-39916C5AE1FA}"
EndProject
Project("{A07B5EB6-E848-4116-A8D0-A826331D98C6}") = "NMSApp", "NMSApp\NMSApp.sfproj", "{2016F538-8C1B-4D79-89DD-89DF91B977BD}"
EndProject
Project("{FAE04EC0-301F-11D3-BF4B-00C04F79EFBC}") = "NMSGDAMicroservice", "NMSGDAMicroservice\NMSGDAMicroservice.csproj", "{85161FEB-9A8A-460D-893F-05AB2204DE55}"
EndProject
Project("{FAE04EC0-301F-11D3-BF4B-00C04F79EFBC}") = "NMSTransactionMicroservice", "NMSTransactionMicroservice\NMSTransactionMicroservice.csproj", "{4E592734-18B0-4063-BAD8-5E35E79B27CD}"
EndProject
Project("{2150E333-8FDC-42A3-9474-1A3956D46DE8}") = "ServiceFabric", "ServiceFabric", "{1DD8341E-B01B-41C4-815C-C4442A5BE81D}"
EndProject
Project("{A07B5EB6-E848-4116-A8D0-A826331D98C6}") = "SCADAApp", "SCADAApp\SCADAApp.sfproj", "{E1473ABA-B1DE-4FD2-87FD-6DE569851EED}"
EndProject
Project("{FAE04EC0-301F-11D3-BF4B-00C04F79EFBC}") = "SCADACacheMicroservice", "SCADACacheMicroservice\SCADACacheMicroservice.csproj", "{0F4786C0-0F65-41B9-A4D3-9C277A16B955}"
EndProject
Project("{FAE04EC0-301F-11D3-BF4B-00C04F79EFBC}") = "SCADACommandMicroservice", "SCADACommandMicroservice\SCADACommandMicroservice.csproj", "{A98C2A90-4AFA-4158-9AC6-BBC16A1063E0}"
EndProject
Project("{FAE04EC0-301F-11D3-BF4B-00C04F79EFBC}") = "SCADATransactionMicroservice", "SCADATransactionMicroservice\SCADATransactionMicroservice.csproj", "{6D05FE6C-20BF-4B17-9CA2-462134782054}"
EndProject
Project("{A07B5EB6-E848-4116-A8D0-A826331D98C6}") = "TransactionCoordinatorApp", "TransactionCoordinatorApp\TransactionCoordinatorApp.sfproj", "{2D37E59F-04C0-414F-ACD6-BEE74254AC63}"
EndProject
Project("{FAE04EC0-301F-11D3-BF4B-00C04F79EFBC}") = "TransactionCoordinatorMicroservice", "TransactionCoordinatorMicroservice\TransactionCoordinatorMicroservice.csproj", "{91FD9A1F-20BE-4845-B561-955D8C9CA5A2}"
EndProject
Project("{2150E333-8FDC-42A3-9474-1A3956D46DE8}") = "UI", "UI", "{B60CA7EC-7950-4925-A78C-0A45352D2123}"
EndProject
Project("{FAE04EC0-301F-11D3-BF4B-00C04F79EFBC}") = "UI", "UI\UI\UI.csproj", "{DECE6FFC-2B41-4F2C-8AD5-58A0C8D4C1A2}"
EndProject
Project("{2150E333-8FDC-42A3-9474-1A3956D46DE8}") = "Commons", "Commons", "{25AE35F7-6150-4EC9-9851-52E7E3EEFE24}"
EndProject
Project("{FAE04EC0-301F-11D3-BF4B-00C04F79EFBC}") = "CalculationEngineServiceCommon", "Commons\CalculationEngineServiceCommon\CalculationEngineServiceCommon.csproj", "{C6A1D90E-C842-4B98-958B-C3267664D121}"
EndProject
Project("{FAE04EC0-301F-11D3-BF4B-00C04F79EFBC}") = "Common", "Commons\Common\Common.csproj", "{B1E36476-2A09-4271-B336-3158CBD9DF2F}"
EndProject
Project("{FAE04EC0-301F-11D3-BF4B-00C04F79EFBC}") = "DERMSCommon", "DERMSCommon\DERMSCommon.csproj", "{71765178-17DC-4F93-9153-F73378BFE39F}"
EndProject
Project("{2150E333-8FDC-42A3-9474-1A3956D46DE8}") = "CalculateEngine", "CalculateEngine", "{93A51083-7416-4EFE-AB79-D75E7B77FADE}"
EndProject
Project("{2150E333-8FDC-42A3-9474-1A3956D46DE8}") = "NMS", "NMS", "{F2DE505D-3C0F-4BC6-8F96-27AD86F6DDCF}"
EndProject
Project("{2150E333-8FDC-42A3-9474-1A3956D46DE8}") = "SCADA", "SCADA", "{91CD5530-1C30-44A7-AB34-93B92C6C90B2}"
EndProject
Project("{2150E333-8FDC-42A3-9474-1A3956D46DE8}") = "TransactionCoordinator", "TransactionCoordinator", "{925E43BE-88B4-494D-8544-BAC53166D83C}"
EndProject
Project("{FAE04EC0-301F-11D3-BF4B-00C04F79EFBC}") = "TreeConstructionMicroservice", "TreeConstructionMicroservice\TreeConstructionMicroservice.csproj", "{C8F6007A-4071-49C4-B937-CDC97B292337}"
EndProject
Global
	GlobalSection(SolutionConfigurationPlatforms) = preSolution
		Debug|Any CPU = Debug|Any CPU
		Debug|x64 = Debug|x64
		Debug|x86 = Debug|x86
		Release|Any CPU = Release|Any CPU
		Release|x64 = Release|x64
		Release|x86 = Release|x86
	EndGlobalSection
	GlobalSection(ProjectConfigurationPlatforms) = postSolution
		{C30109CF-DD4B-40A6-B9B0-44586A68592C}.Debug|Any CPU.ActiveCfg = Debug|x64
		{C30109CF-DD4B-40A6-B9B0-44586A68592C}.Debug|x64.ActiveCfg = Debug|x64
		{C30109CF-DD4B-40A6-B9B0-44586A68592C}.Debug|x64.Build.0 = Debug|x64
		{C30109CF-DD4B-40A6-B9B0-44586A68592C}.Debug|x64.Deploy.0 = Debug|x64
		{C30109CF-DD4B-40A6-B9B0-44586A68592C}.Debug|x86.ActiveCfg = Debug|x64
		{C30109CF-DD4B-40A6-B9B0-44586A68592C}.Release|Any CPU.ActiveCfg = Release|x64
		{C30109CF-DD4B-40A6-B9B0-44586A68592C}.Release|x64.ActiveCfg = Release|x64
		{C30109CF-DD4B-40A6-B9B0-44586A68592C}.Release|x64.Build.0 = Release|x64
		{C30109CF-DD4B-40A6-B9B0-44586A68592C}.Release|x64.Deploy.0 = Release|x64
		{C30109CF-DD4B-40A6-B9B0-44586A68592C}.Release|x86.ActiveCfg = Release|x64
		{E1259C03-A3B1-431D-ABA2-F69B2288758B}.Debug|Any CPU.ActiveCfg = Debug|x64
		{E1259C03-A3B1-431D-ABA2-F69B2288758B}.Debug|x64.ActiveCfg = Debug|x64
		{E1259C03-A3B1-431D-ABA2-F69B2288758B}.Debug|x64.Build.0 = Debug|x64
		{E1259C03-A3B1-431D-ABA2-F69B2288758B}.Debug|x86.ActiveCfg = Debug|x64
		{E1259C03-A3B1-431D-ABA2-F69B2288758B}.Release|Any CPU.ActiveCfg = Release|x64
		{E1259C03-A3B1-431D-ABA2-F69B2288758B}.Release|x64.ActiveCfg = Release|x64
		{E1259C03-A3B1-431D-ABA2-F69B2288758B}.Release|x64.Build.0 = Release|x64
		{E1259C03-A3B1-431D-ABA2-F69B2288758B}.Release|x86.ActiveCfg = Release|x64
		{000E81DD-E0DF-427B-A2AC-FBCE54C304C6}.Debug|Any CPU.ActiveCfg = Debug|x64
		{000E81DD-E0DF-427B-A2AC-FBCE54C304C6}.Debug|x64.ActiveCfg = Debug|x64
		{000E81DD-E0DF-427B-A2AC-FBCE54C304C6}.Debug|x64.Build.0 = Debug|x64
		{000E81DD-E0DF-427B-A2AC-FBCE54C304C6}.Debug|x86.ActiveCfg = Debug|x64
		{000E81DD-E0DF-427B-A2AC-FBCE54C304C6}.Release|Any CPU.ActiveCfg = Release|x64
		{000E81DD-E0DF-427B-A2AC-FBCE54C304C6}.Release|x64.ActiveCfg = Release|x64
		{000E81DD-E0DF-427B-A2AC-FBCE54C304C6}.Release|x64.Build.0 = Release|x64
		{000E81DD-E0DF-427B-A2AC-FBCE54C304C6}.Release|x86.ActiveCfg = Release|x64
		{A5297C4E-EE06-430B-923A-38295BB450CC}.Debug|Any CPU.ActiveCfg = Debug|x64
		{A5297C4E-EE06-430B-923A-38295BB450CC}.Debug|x64.ActiveCfg = Debug|x64
		{A5297C4E-EE06-430B-923A-38295BB450CC}.Debug|x64.Build.0 = Debug|x64
		{A5297C4E-EE06-430B-923A-38295BB450CC}.Debug|x86.ActiveCfg = Debug|x64
		{A5297C4E-EE06-430B-923A-38295BB450CC}.Release|Any CPU.ActiveCfg = Release|x64
		{A5297C4E-EE06-430B-923A-38295BB450CC}.Release|x64.ActiveCfg = Release|x64
		{A5297C4E-EE06-430B-923A-38295BB450CC}.Release|x64.Build.0 = Release|x64
		{A5297C4E-EE06-430B-923A-38295BB450CC}.Release|x86.ActiveCfg = Release|x64
		{88D1C82A-7AB7-42A9-B5E5-450FE9DEE12E}.Debug|Any CPU.ActiveCfg = Debug|x64
		{88D1C82A-7AB7-42A9-B5E5-450FE9DEE12E}.Debug|x64.ActiveCfg = Debug|x64
		{88D1C82A-7AB7-42A9-B5E5-450FE9DEE12E}.Debug|x64.Build.0 = Debug|x64
		{88D1C82A-7AB7-42A9-B5E5-450FE9DEE12E}.Debug|x86.ActiveCfg = Debug|x64
		{88D1C82A-7AB7-42A9-B5E5-450FE9DEE12E}.Release|Any CPU.ActiveCfg = Release|x64
		{88D1C82A-7AB7-42A9-B5E5-450FE9DEE12E}.Release|x64.ActiveCfg = Release|x64
		{88D1C82A-7AB7-42A9-B5E5-450FE9DEE12E}.Release|x64.Build.0 = Release|x64
		{88D1C82A-7AB7-42A9-B5E5-450FE9DEE12E}.Release|x86.ActiveCfg = Release|x64
		{040FBBDC-ED8F-4785-9BC3-1C63D4634F44}.Debug|Any CPU.ActiveCfg = Debug|x64
		{040FBBDC-ED8F-4785-9BC3-1C63D4634F44}.Debug|x64.ActiveCfg = Debug|x64
		{040FBBDC-ED8F-4785-9BC3-1C63D4634F44}.Debug|x64.Build.0 = Debug|x64
		{040FBBDC-ED8F-4785-9BC3-1C63D4634F44}.Debug|x86.ActiveCfg = Debug|x64
		{040FBBDC-ED8F-4785-9BC3-1C63D4634F44}.Release|Any CPU.ActiveCfg = Release|x64
		{040FBBDC-ED8F-4785-9BC3-1C63D4634F44}.Release|x64.ActiveCfg = Release|x64
		{040FBBDC-ED8F-4785-9BC3-1C63D4634F44}.Release|x64.Build.0 = Release|x64
		{040FBBDC-ED8F-4785-9BC3-1C63D4634F44}.Release|x86.ActiveCfg = Release|x64
		{527592AE-2965-40BB-B789-C050B27DCD0A}.Debug|Any CPU.ActiveCfg = Debug|x64
		{527592AE-2965-40BB-B789-C050B27DCD0A}.Debug|x64.ActiveCfg = Debug|x64
		{527592AE-2965-40BB-B789-C050B27DCD0A}.Debug|x64.Build.0 = Debug|x64
		{527592AE-2965-40BB-B789-C050B27DCD0A}.Debug|x86.ActiveCfg = Debug|x64
		{527592AE-2965-40BB-B789-C050B27DCD0A}.Release|Any CPU.ActiveCfg = Release|x64
		{527592AE-2965-40BB-B789-C050B27DCD0A}.Release|x64.ActiveCfg = Release|x64
		{527592AE-2965-40BB-B789-C050B27DCD0A}.Release|x64.Build.0 = Release|x64
		{527592AE-2965-40BB-B789-C050B27DCD0A}.Release|x86.ActiveCfg = Release|x64
		{7FE86AFE-D2D4-44DD-81F4-39916C5AE1FA}.Debug|Any CPU.ActiveCfg = Debug|Any CPU
		{7FE86AFE-D2D4-44DD-81F4-39916C5AE1FA}.Debug|Any CPU.Build.0 = Debug|Any CPU
		{7FE86AFE-D2D4-44DD-81F4-39916C5AE1FA}.Debug|x64.ActiveCfg = Debug|Any CPU
		{7FE86AFE-D2D4-44DD-81F4-39916C5AE1FA}.Debug|x64.Build.0 = Debug|Any CPU
		{7FE86AFE-D2D4-44DD-81F4-39916C5AE1FA}.Debug|x86.ActiveCfg = Debug|Any CPU
		{7FE86AFE-D2D4-44DD-81F4-39916C5AE1FA}.Debug|x86.Build.0 = Debug|Any CPU
		{7FE86AFE-D2D4-44DD-81F4-39916C5AE1FA}.Release|Any CPU.ActiveCfg = Release|Any CPU
		{7FE86AFE-D2D4-44DD-81F4-39916C5AE1FA}.Release|Any CPU.Build.0 = Release|Any CPU
		{7FE86AFE-D2D4-44DD-81F4-39916C5AE1FA}.Release|x64.ActiveCfg = Release|Any CPU
		{7FE86AFE-D2D4-44DD-81F4-39916C5AE1FA}.Release|x64.Build.0 = Release|Any CPU
		{7FE86AFE-D2D4-44DD-81F4-39916C5AE1FA}.Release|x86.ActiveCfg = Release|Any CPU
		{7FE86AFE-D2D4-44DD-81F4-39916C5AE1FA}.Release|x86.Build.0 = Release|Any CPU
		{2016F538-8C1B-4D79-89DD-89DF91B977BD}.Debug|Any CPU.ActiveCfg = Debug|x64
		{2016F538-8C1B-4D79-89DD-89DF91B977BD}.Debug|x64.ActiveCfg = Debug|x64
		{2016F538-8C1B-4D79-89DD-89DF91B977BD}.Debug|x64.Build.0 = Debug|x64
		{2016F538-8C1B-4D79-89DD-89DF91B977BD}.Debug|x64.Deploy.0 = Debug|x64
		{2016F538-8C1B-4D79-89DD-89DF91B977BD}.Debug|x86.ActiveCfg = Debug|x64
		{2016F538-8C1B-4D79-89DD-89DF91B977BD}.Release|Any CPU.ActiveCfg = Release|x64
		{2016F538-8C1B-4D79-89DD-89DF91B977BD}.Release|x64.ActiveCfg = Release|x64
		{2016F538-8C1B-4D79-89DD-89DF91B977BD}.Release|x64.Build.0 = Release|x64
		{2016F538-8C1B-4D79-89DD-89DF91B977BD}.Release|x64.Deploy.0 = Release|x64
		{2016F538-8C1B-4D79-89DD-89DF91B977BD}.Release|x86.ActiveCfg = Release|x64
		{85161FEB-9A8A-460D-893F-05AB2204DE55}.Debug|Any CPU.ActiveCfg = Debug|x64
		{85161FEB-9A8A-460D-893F-05AB2204DE55}.Debug|x64.ActiveCfg = Debug|x64
		{85161FEB-9A8A-460D-893F-05AB2204DE55}.Debug|x64.Build.0 = Debug|x64
		{85161FEB-9A8A-460D-893F-05AB2204DE55}.Debug|x86.ActiveCfg = Debug|x64
		{85161FEB-9A8A-460D-893F-05AB2204DE55}.Release|Any CPU.ActiveCfg = Release|x64
		{85161FEB-9A8A-460D-893F-05AB2204DE55}.Release|x64.ActiveCfg = Release|x64
		{85161FEB-9A8A-460D-893F-05AB2204DE55}.Release|x64.Build.0 = Release|x64
		{85161FEB-9A8A-460D-893F-05AB2204DE55}.Release|x86.ActiveCfg = Release|x64
		{4E592734-18B0-4063-BAD8-5E35E79B27CD}.Debug|Any CPU.ActiveCfg = Debug|x64
		{4E592734-18B0-4063-BAD8-5E35E79B27CD}.Debug|x64.ActiveCfg = Debug|x64
		{4E592734-18B0-4063-BAD8-5E35E79B27CD}.Debug|x64.Build.0 = Debug|x64
		{4E592734-18B0-4063-BAD8-5E35E79B27CD}.Debug|x86.ActiveCfg = Debug|x64
		{4E592734-18B0-4063-BAD8-5E35E79B27CD}.Release|Any CPU.ActiveCfg = Release|x64
		{4E592734-18B0-4063-BAD8-5E35E79B27CD}.Release|x64.ActiveCfg = Release|x64
		{4E592734-18B0-4063-BAD8-5E35E79B27CD}.Release|x64.Build.0 = Release|x64
		{4E592734-18B0-4063-BAD8-5E35E79B27CD}.Release|x86.ActiveCfg = Release|x64
		{E1473ABA-B1DE-4FD2-87FD-6DE569851EED}.Debug|Any CPU.ActiveCfg = Debug|x64
		{E1473ABA-B1DE-4FD2-87FD-6DE569851EED}.Debug|x64.ActiveCfg = Debug|x64
		{E1473ABA-B1DE-4FD2-87FD-6DE569851EED}.Debug|x64.Build.0 = Debug|x64
		{E1473ABA-B1DE-4FD2-87FD-6DE569851EED}.Debug|x64.Deploy.0 = Debug|x64
		{E1473ABA-B1DE-4FD2-87FD-6DE569851EED}.Debug|x86.ActiveCfg = Debug|x64
		{E1473ABA-B1DE-4FD2-87FD-6DE569851EED}.Release|Any CPU.ActiveCfg = Release|x64
		{E1473ABA-B1DE-4FD2-87FD-6DE569851EED}.Release|x64.ActiveCfg = Release|x64
		{E1473ABA-B1DE-4FD2-87FD-6DE569851EED}.Release|x64.Build.0 = Release|x64
		{E1473ABA-B1DE-4FD2-87FD-6DE569851EED}.Release|x64.Deploy.0 = Release|x64
		{E1473ABA-B1DE-4FD2-87FD-6DE569851EED}.Release|x86.ActiveCfg = Release|x64
		{0F4786C0-0F65-41B9-A4D3-9C277A16B955}.Debug|Any CPU.ActiveCfg = Debug|x64
		{0F4786C0-0F65-41B9-A4D3-9C277A16B955}.Debug|x64.ActiveCfg = Debug|x64
		{0F4786C0-0F65-41B9-A4D3-9C277A16B955}.Debug|x64.Build.0 = Debug|x64
		{0F4786C0-0F65-41B9-A4D3-9C277A16B955}.Debug|x86.ActiveCfg = Debug|x64
		{0F4786C0-0F65-41B9-A4D3-9C277A16B955}.Release|Any CPU.ActiveCfg = Release|x64
		{0F4786C0-0F65-41B9-A4D3-9C277A16B955}.Release|x64.ActiveCfg = Release|x64
		{0F4786C0-0F65-41B9-A4D3-9C277A16B955}.Release|x64.Build.0 = Release|x64
		{0F4786C0-0F65-41B9-A4D3-9C277A16B955}.Release|x86.ActiveCfg = Release|x64
		{A98C2A90-4AFA-4158-9AC6-BBC16A1063E0}.Debug|Any CPU.ActiveCfg = Debug|x64
		{A98C2A90-4AFA-4158-9AC6-BBC16A1063E0}.Debug|x64.ActiveCfg = Debug|x64
		{A98C2A90-4AFA-4158-9AC6-BBC16A1063E0}.Debug|x64.Build.0 = Debug|x64
		{A98C2A90-4AFA-4158-9AC6-BBC16A1063E0}.Debug|x86.ActiveCfg = Debug|x64
		{A98C2A90-4AFA-4158-9AC6-BBC16A1063E0}.Release|Any CPU.ActiveCfg = Release|x64
		{A98C2A90-4AFA-4158-9AC6-BBC16A1063E0}.Release|x64.ActiveCfg = Release|x64
		{A98C2A90-4AFA-4158-9AC6-BBC16A1063E0}.Release|x64.Build.0 = Release|x64
		{A98C2A90-4AFA-4158-9AC6-BBC16A1063E0}.Release|x86.ActiveCfg = Release|x64
		{6D05FE6C-20BF-4B17-9CA2-462134782054}.Debug|Any CPU.ActiveCfg = Debug|x64
		{6D05FE6C-20BF-4B17-9CA2-462134782054}.Debug|x64.ActiveCfg = Debug|x64
		{6D05FE6C-20BF-4B17-9CA2-462134782054}.Debug|x64.Build.0 = Debug|x64
		{6D05FE6C-20BF-4B17-9CA2-462134782054}.Debug|x86.ActiveCfg = Debug|x64
		{6D05FE6C-20BF-4B17-9CA2-462134782054}.Release|Any CPU.ActiveCfg = Release|x64
		{6D05FE6C-20BF-4B17-9CA2-462134782054}.Release|x64.ActiveCfg = Release|x64
		{6D05FE6C-20BF-4B17-9CA2-462134782054}.Release|x64.Build.0 = Release|x64
		{6D05FE6C-20BF-4B17-9CA2-462134782054}.Release|x86.ActiveCfg = Release|x64
		{2D37E59F-04C0-414F-ACD6-BEE74254AC63}.Debug|Any CPU.ActiveCfg = Debug|x64
		{2D37E59F-04C0-414F-ACD6-BEE74254AC63}.Debug|x64.ActiveCfg = Debug|x64
		{2D37E59F-04C0-414F-ACD6-BEE74254AC63}.Debug|x64.Build.0 = Debug|x64
		{2D37E59F-04C0-414F-ACD6-BEE74254AC63}.Debug|x64.Deploy.0 = Debug|x64
		{2D37E59F-04C0-414F-ACD6-BEE74254AC63}.Debug|x86.ActiveCfg = Debug|x64
		{2D37E59F-04C0-414F-ACD6-BEE74254AC63}.Release|Any CPU.ActiveCfg = Release|x64
		{2D37E59F-04C0-414F-ACD6-BEE74254AC63}.Release|x64.ActiveCfg = Release|x64
		{2D37E59F-04C0-414F-ACD6-BEE74254AC63}.Release|x64.Build.0 = Release|x64
		{2D37E59F-04C0-414F-ACD6-BEE74254AC63}.Release|x64.Deploy.0 = Release|x64
		{2D37E59F-04C0-414F-ACD6-BEE74254AC63}.Release|x86.ActiveCfg = Release|x64
		{91FD9A1F-20BE-4845-B561-955D8C9CA5A2}.Debug|Any CPU.ActiveCfg = Debug|x64
		{91FD9A1F-20BE-4845-B561-955D8C9CA5A2}.Debug|x64.ActiveCfg = Debug|x64
		{91FD9A1F-20BE-4845-B561-955D8C9CA5A2}.Debug|x64.Build.0 = Debug|x64
		{91FD9A1F-20BE-4845-B561-955D8C9CA5A2}.Debug|x86.ActiveCfg = Debug|x64
		{91FD9A1F-20BE-4845-B561-955D8C9CA5A2}.Release|Any CPU.ActiveCfg = Release|x64
		{91FD9A1F-20BE-4845-B561-955D8C9CA5A2}.Release|x64.ActiveCfg = Release|x64
		{91FD9A1F-20BE-4845-B561-955D8C9CA5A2}.Release|x64.Build.0 = Release|x64
		{91FD9A1F-20BE-4845-B561-955D8C9CA5A2}.Release|x86.ActiveCfg = Release|x64
		{DECE6FFC-2B41-4F2C-8AD5-58A0C8D4C1A2}.Debug|Any CPU.ActiveCfg = Debug|Any CPU
		{DECE6FFC-2B41-4F2C-8AD5-58A0C8D4C1A2}.Debug|Any CPU.Build.0 = Debug|Any CPU
		{DECE6FFC-2B41-4F2C-8AD5-58A0C8D4C1A2}.Debug|x64.ActiveCfg = Debug|Any CPU
		{DECE6FFC-2B41-4F2C-8AD5-58A0C8D4C1A2}.Debug|x64.Build.0 = Debug|Any CPU
		{DECE6FFC-2B41-4F2C-8AD5-58A0C8D4C1A2}.Debug|x86.ActiveCfg = Debug|Any CPU
		{DECE6FFC-2B41-4F2C-8AD5-58A0C8D4C1A2}.Debug|x86.Build.0 = Debug|Any CPU
		{DECE6FFC-2B41-4F2C-8AD5-58A0C8D4C1A2}.Release|Any CPU.ActiveCfg = Release|Any CPU
		{DECE6FFC-2B41-4F2C-8AD5-58A0C8D4C1A2}.Release|Any CPU.Build.0 = Release|Any CPU
		{DECE6FFC-2B41-4F2C-8AD5-58A0C8D4C1A2}.Release|x64.ActiveCfg = Release|Any CPU
		{DECE6FFC-2B41-4F2C-8AD5-58A0C8D4C1A2}.Release|x64.Build.0 = Release|Any CPU
		{DECE6FFC-2B41-4F2C-8AD5-58A0C8D4C1A2}.Release|x86.ActiveCfg = Release|Any CPU
		{DECE6FFC-2B41-4F2C-8AD5-58A0C8D4C1A2}.Release|x86.Build.0 = Release|Any CPU
		{C6A1D90E-C842-4B98-958B-C3267664D121}.Debug|Any CPU.ActiveCfg = Debug|Any CPU
		{C6A1D90E-C842-4B98-958B-C3267664D121}.Debug|Any CPU.Build.0 = Debug|Any CPU
		{C6A1D90E-C842-4B98-958B-C3267664D121}.Debug|x64.ActiveCfg = Debug|Any CPU
		{C6A1D90E-C842-4B98-958B-C3267664D121}.Debug|x64.Build.0 = Debug|Any CPU
		{C6A1D90E-C842-4B98-958B-C3267664D121}.Debug|x86.ActiveCfg = Debug|Any CPU
		{C6A1D90E-C842-4B98-958B-C3267664D121}.Debug|x86.Build.0 = Debug|Any CPU
		{C6A1D90E-C842-4B98-958B-C3267664D121}.Release|Any CPU.ActiveCfg = Release|Any CPU
		{C6A1D90E-C842-4B98-958B-C3267664D121}.Release|Any CPU.Build.0 = Release|Any CPU
		{C6A1D90E-C842-4B98-958B-C3267664D121}.Release|x64.ActiveCfg = Release|Any CPU
		{C6A1D90E-C842-4B98-958B-C3267664D121}.Release|x64.Build.0 = Release|Any CPU
		{C6A1D90E-C842-4B98-958B-C3267664D121}.Release|x86.ActiveCfg = Release|Any CPU
		{C6A1D90E-C842-4B98-958B-C3267664D121}.Release|x86.Build.0 = Release|Any CPU
		{B1E36476-2A09-4271-B336-3158CBD9DF2F}.Debug|Any CPU.ActiveCfg = Debug|x86
		{B1E36476-2A09-4271-B336-3158CBD9DF2F}.Debug|x64.ActiveCfg = Debug|x64
		{B1E36476-2A09-4271-B336-3158CBD9DF2F}.Debug|x64.Build.0 = Debug|x64
		{B1E36476-2A09-4271-B336-3158CBD9DF2F}.Debug|x86.ActiveCfg = Debug|x86
		{B1E36476-2A09-4271-B336-3158CBD9DF2F}.Debug|x86.Build.0 = Debug|x86
		{B1E36476-2A09-4271-B336-3158CBD9DF2F}.Release|Any CPU.ActiveCfg = Release|x86
		{B1E36476-2A09-4271-B336-3158CBD9DF2F}.Release|x64.ActiveCfg = Release|x64
		{B1E36476-2A09-4271-B336-3158CBD9DF2F}.Release|x64.Build.0 = Release|x64
		{B1E36476-2A09-4271-B336-3158CBD9DF2F}.Release|x86.ActiveCfg = Release|x86
		{B1E36476-2A09-4271-B336-3158CBD9DF2F}.Release|x86.Build.0 = Release|x86
		{71765178-17DC-4F93-9153-F73378BFE39F}.Debug|Any CPU.ActiveCfg = Debug|Any CPU
		{71765178-17DC-4F93-9153-F73378BFE39F}.Debug|Any CPU.Build.0 = Debug|Any CPU
		{71765178-17DC-4F93-9153-F73378BFE39F}.Debug|x64.ActiveCfg = Debug|Any CPU
		{71765178-17DC-4F93-9153-F73378BFE39F}.Debug|x64.Build.0 = Debug|Any CPU
		{71765178-17DC-4F93-9153-F73378BFE39F}.Debug|x86.ActiveCfg = Debug|Any CPU
		{71765178-17DC-4F93-9153-F73378BFE39F}.Debug|x86.Build.0 = Debug|Any CPU
		{71765178-17DC-4F93-9153-F73378BFE39F}.Release|Any CPU.ActiveCfg = Release|Any CPU
		{71765178-17DC-4F93-9153-F73378BFE39F}.Release|Any CPU.Build.0 = Release|Any CPU
		{71765178-17DC-4F93-9153-F73378BFE39F}.Release|x64.ActiveCfg = Release|Any CPU
		{71765178-17DC-4F93-9153-F73378BFE39F}.Release|x64.Build.0 = Release|Any CPU
		{71765178-17DC-4F93-9153-F73378BFE39F}.Release|x86.ActiveCfg = Release|Any CPU
		{71765178-17DC-4F93-9153-F73378BFE39F}.Release|x86.Build.0 = Release|Any CPU
		{C8F6007A-4071-49C4-B937-CDC97B292337}.Debug|Any CPU.ActiveCfg = Debug|x64
		{C8F6007A-4071-49C4-B937-CDC97B292337}.Debug|x64.ActiveCfg = Debug|x64
		{C8F6007A-4071-49C4-B937-CDC97B292337}.Debug|x64.Build.0 = Debug|x64
		{C8F6007A-4071-49C4-B937-CDC97B292337}.Debug|x86.ActiveCfg = Debug|x64
		{C8F6007A-4071-49C4-B937-CDC97B292337}.Release|Any CPU.ActiveCfg = Release|x64
		{C8F6007A-4071-49C4-B937-CDC97B292337}.Release|x64.ActiveCfg = Release|x64
		{C8F6007A-4071-49C4-B937-CDC97B292337}.Release|x64.Build.0 = Release|x64
		{C8F6007A-4071-49C4-B937-CDC97B292337}.Release|x86.ActiveCfg = Release|x64
	EndGlobalSection
	GlobalSection(SolutionProperties) = preSolution
		HideSolutionNode = FALSE
	EndGlobalSection
	GlobalSection(NestedProjects) = preSolution
		{C30109CF-DD4B-40A6-B9B0-44586A68592C} = {93A51083-7416-4EFE-AB79-D75E7B77FADE}
		{E1259C03-A3B1-431D-ABA2-F69B2288758B} = {93A51083-7416-4EFE-AB79-D75E7B77FADE}
		{000E81DD-E0DF-427B-A2AC-FBCE54C304C6} = {93A51083-7416-4EFE-AB79-D75E7B77FADE}
		{A5297C4E-EE06-430B-923A-38295BB450CC} = {93A51083-7416-4EFE-AB79-D75E7B77FADE}
		{88D1C82A-7AB7-42A9-B5E5-450FE9DEE12E} = {93A51083-7416-4EFE-AB79-D75E7B77FADE}
		{040FBBDC-ED8F-4785-9BC3-1C63D4634F44} = {93A51083-7416-4EFE-AB79-D75E7B77FADE}
		{527592AE-2965-40BB-B789-C050B27DCD0A} = {93A51083-7416-4EFE-AB79-D75E7B77FADE}
		{7FE86AFE-D2D4-44DD-81F4-39916C5AE1FA} = {25AE35F7-6150-4EC9-9851-52E7E3EEFE24}
		{2016F538-8C1B-4D79-89DD-89DF91B977BD} = {F2DE505D-3C0F-4BC6-8F96-27AD86F6DDCF}
		{85161FEB-9A8A-460D-893F-05AB2204DE55} = {F2DE505D-3C0F-4BC6-8F96-27AD86F6DDCF}
		{4E592734-18B0-4063-BAD8-5E35E79B27CD} = {F2DE505D-3C0F-4BC6-8F96-27AD86F6DDCF}
		{E1473ABA-B1DE-4FD2-87FD-6DE569851EED} = {91CD5530-1C30-44A7-AB34-93B92C6C90B2}
		{0F4786C0-0F65-41B9-A4D3-9C277A16B955} = {91CD5530-1C30-44A7-AB34-93B92C6C90B2}
		{A98C2A90-4AFA-4158-9AC6-BBC16A1063E0} = {91CD5530-1C30-44A7-AB34-93B92C6C90B2}
		{6D05FE6C-20BF-4B17-9CA2-462134782054} = {91CD5530-1C30-44A7-AB34-93B92C6C90B2}
		{2D37E59F-04C0-414F-ACD6-BEE74254AC63} = {925E43BE-88B4-494D-8544-BAC53166D83C}
		{91FD9A1F-20BE-4845-B561-955D8C9CA5A2} = {925E43BE-88B4-494D-8544-BAC53166D83C}
		{DECE6FFC-2B41-4F2C-8AD5-58A0C8D4C1A2} = {B60CA7EC-7950-4925-A78C-0A45352D2123}
		{C6A1D90E-C842-4B98-958B-C3267664D121} = {25AE35F7-6150-4EC9-9851-52E7E3EEFE24}
		{B1E36476-2A09-4271-B336-3158CBD9DF2F} = {25AE35F7-6150-4EC9-9851-52E7E3EEFE24}
		{71765178-17DC-4F93-9153-F73378BFE39F} = {25AE35F7-6150-4EC9-9851-52E7E3EEFE24}
		{93A51083-7416-4EFE-AB79-D75E7B77FADE} = {1DD8341E-B01B-41C4-815C-C4442A5BE81D}
		{F2DE505D-3C0F-4BC6-8F96-27AD86F6DDCF} = {1DD8341E-B01B-41C4-815C-C4442A5BE81D}
		{91CD5530-1C30-44A7-AB34-93B92C6C90B2} = {1DD8341E-B01B-41C4-815C-C4442A5BE81D}
		{925E43BE-88B4-494D-8544-BAC53166D83C} = {1DD8341E-B01B-41C4-815C-C4442A5BE81D}
		{C8F6007A-4071-49C4-B937-CDC97B292337} = {93A51083-7416-4EFE-AB79-D75E7B77FADE}
	EndGlobalSection
	GlobalSection(ExtensibilityGlobals) = postSolution
		SolutionGuid = {C326C441-8393-4671-BA8B-F934712696E8}
	EndGlobalSection
EndGlobal
